// !$*UTF8*$!
{
	archiveVersion = 1;
	classes = {
	};
	objectVersion = 46;
	objects = {

/* Begin PBXBuildFile section */
		27925FF11EBBFFC40083B8D9 /* AgendaViewController.swift in Sources */ = {isa = PBXBuildFile; fileRef = 27925FF01EBBFFC40083B8D9 /* AgendaViewController.swift */; };
		27925FF51EC0A87E0083B8D9 /* DLCalendarService.swift in Sources */ = {isa = PBXBuildFile; fileRef = 27925FF41EC0A87E0083B8D9 /* DLCalendarService.swift */; };
		27925FF71EC0B5190083B8D9 /* TestDLCalendarService.swift in Sources */ = {isa = PBXBuildFile; fileRef = 27925FF61EC0B5190083B8D9 /* TestDLCalendarService.swift */; };
		27925FF91EC1B9F30083B8D9 /* CalendarSettingsViewController.swift in Sources */ = {isa = PBXBuildFile; fileRef = 27925FF81EC1B9F30083B8D9 /* CalendarSettingsViewController.swift */; };
		27925FFB1EC1FE6A0083B8D9 /* DLCalendarDefaults.swift in Sources */ = {isa = PBXBuildFile; fileRef = 27925FFA1EC1FE6A0083B8D9 /* DLCalendarDefaults.swift */; };
		27925FFD1EC4AE730083B8D9 /* AgendaTableViewCell.swift in Sources */ = {isa = PBXBuildFile; fileRef = 27925FFC1EC4AE730083B8D9 /* AgendaTableViewCell.swift */; };
		27E7FF0B1EAE115A004F65B1 /* TaskListViewController.swift in Sources */ = {isa = PBXBuildFile; fileRef = 27E7FF0A1EAE115A004F65B1 /* TaskListViewController.swift */; };
		27E7FF0F1EAE2129004F65B1 /* Model.xcdatamodeld in Sources */ = {isa = PBXBuildFile; fileRef = 27E7FF0D1EAE2129004F65B1 /* Model.xcdatamodeld */; };
		27E7FF111EAE256D004F65B1 /* DataController.swift in Sources */ = {isa = PBXBuildFile; fileRef = 27E7FF101EAE256D004F65B1 /* DataController.swift */; };
		27E7FF131EAE2734004F65B1 /* TaskController.swift in Sources */ = {isa = PBXBuildFile; fileRef = 27E7FF121EAE2734004F65B1 /* TaskController.swift */; };
		27F3AFBD1EB356E200D8A043 /* Priority.swift in Sources */ = {isa = PBXBuildFile; fileRef = 27F3AFBC1EB356E200D8A043 /* Priority.swift */; };
		27F3AFBF1EB367F700D8A043 /* TaskDetailViewController.swift in Sources */ = {isa = PBXBuildFile; fileRef = 27F3AFBE1EB367F700D8A043 /* TaskDetailViewController.swift */; };
		27F3AFC11EB6BA0700D8A043 /* PriorityViewController.swift in Sources */ = {isa = PBXBuildFile; fileRef = 27F3AFC01EB6BA0700D8A043 /* PriorityViewController.swift */; };
		27F3AFC31EB76BD800D8A043 /* DateViewController.swift in Sources */ = {isa = PBXBuildFile; fileRef = 27F3AFC21EB76BD800D8A043 /* DateViewController.swift */; };
		27F557871EAE0FB1007AFD11 /* AppDelegate.swift in Sources */ = {isa = PBXBuildFile; fileRef = 27F557861EAE0FB1007AFD11 /* AppDelegate.swift */; };
		27F5578C1EAE0FB1007AFD11 /* Main.storyboard in Resources */ = {isa = PBXBuildFile; fileRef = 27F5578A1EAE0FB1007AFD11 /* Main.storyboard */; };
		27F5578E1EAE0FB1007AFD11 /* Assets.xcassets in Resources */ = {isa = PBXBuildFile; fileRef = 27F5578D1EAE0FB1007AFD11 /* Assets.xcassets */; };
		27F557911EAE0FB1007AFD11 /* LaunchScreen.storyboard in Resources */ = {isa = PBXBuildFile; fileRef = 27F5578F1EAE0FB1007AFD11 /* LaunchScreen.storyboard */; };
/* End PBXBuildFile section */

/* Begin PBXContainerItemProxy section */
		27F557981EAE0FB2007AFD11 /* PBXContainerItemProxy */ = {
			isa = PBXContainerItemProxy;
			containerPortal = 27F5577B1EAE0FB1007AFD11 /* Project object */;
			proxyType = 1;
			remoteGlobalIDString = 27F557821EAE0FB1007AFD11;
			remoteInfo = "Done List";
		};
/* End PBXContainerItemProxy section */

/* Begin PBXFileReference section */
		27925FF01EBBFFC40083B8D9 /* AgendaViewController.swift */ = {isa = PBXFileReference; fileEncoding = 4; lastKnownFileType = sourcecode.swift; path = AgendaViewController.swift; sourceTree = "<group>"; };
		27925FF41EC0A87E0083B8D9 /* DLCalendarService.swift */ = {isa = PBXFileReference; fileEncoding = 4; lastKnownFileType = sourcecode.swift; path = DLCalendarService.swift; sourceTree = "<group>"; };
		27925FF61EC0B5190083B8D9 /* TestDLCalendarService.swift */ = {isa = PBXFileReference; fileEncoding = 4; lastKnownFileType = sourcecode.swift; path = TestDLCalendarService.swift; sourceTree = "<group>"; };
		27925FF81EC1B9F30083B8D9 /* CalendarSettingsViewController.swift */ = {isa = PBXFileReference; fileEncoding = 4; lastKnownFileType = sourcecode.swift; path = CalendarSettingsViewController.swift; sourceTree = "<group>"; };
		27925FFA1EC1FE6A0083B8D9 /* DLCalendarDefaults.swift */ = {isa = PBXFileReference; fileEncoding = 4; lastKnownFileType = sourcecode.swift; path = DLCalendarDefaults.swift; sourceTree = "<group>"; };
		27925FFC1EC4AE730083B8D9 /* AgendaTableViewCell.swift */ = {isa = PBXFileReference; fileEncoding = 4; lastKnownFileType = sourcecode.swift; path = AgendaTableViewCell.swift; sourceTree = "<group>"; };
		27E7FF0A1EAE115A004F65B1 /* TaskListViewController.swift */ = {isa = PBXFileReference; fileEncoding = 4; lastKnownFileType = sourcecode.swift; path = TaskListViewController.swift; sourceTree = "<group>"; };
		27E7FF0E1EAE2129004F65B1 /* Model.xcdatamodel */ = {isa = PBXFileReference; lastKnownFileType = wrapper.xcdatamodel; path = Model.xcdatamodel; sourceTree = "<group>"; };
		27E7FF101EAE256D004F65B1 /* DataController.swift */ = {isa = PBXFileReference; fileEncoding = 4; lastKnownFileType = sourcecode.swift; path = DataController.swift; sourceTree = "<group>"; };
		27E7FF121EAE2734004F65B1 /* TaskController.swift */ = {isa = PBXFileReference; fileEncoding = 4; lastKnownFileType = sourcecode.swift; path = TaskController.swift; sourceTree = "<group>"; };
		27F3AFBC1EB356E200D8A043 /* Priority.swift */ = {isa = PBXFileReference; fileEncoding = 4; lastKnownFileType = sourcecode.swift; path = Priority.swift; sourceTree = "<group>"; };
		27F3AFBE1EB367F700D8A043 /* TaskDetailViewController.swift */ = {isa = PBXFileReference; fileEncoding = 4; lastKnownFileType = sourcecode.swift; path = TaskDetailViewController.swift; sourceTree = "<group>"; };
		27F3AFC01EB6BA0700D8A043 /* PriorityViewController.swift */ = {isa = PBXFileReference; fileEncoding = 4; lastKnownFileType = sourcecode.swift; path = PriorityViewController.swift; sourceTree = "<group>"; };
		27F3AFC21EB76BD800D8A043 /* DateViewController.swift */ = {isa = PBXFileReference; fileEncoding = 4; lastKnownFileType = sourcecode.swift; path = DateViewController.swift; sourceTree = "<group>"; };
		27F557831EAE0FB1007AFD11 /* Done List.app */ = {isa = PBXFileReference; explicitFileType = wrapper.application; includeInIndex = 0; path = "Done List.app"; sourceTree = BUILT_PRODUCTS_DIR; };
		27F557861EAE0FB1007AFD11 /* AppDelegate.swift */ = {isa = PBXFileReference; lastKnownFileType = sourcecode.swift; path = AppDelegate.swift; sourceTree = "<group>"; };
		27F5578B1EAE0FB1007AFD11 /* Base */ = {isa = PBXFileReference; lastKnownFileType = file.storyboard; name = Base; path = Base.lproj/Main.storyboard; sourceTree = "<group>"; };
		27F5578D1EAE0FB1007AFD11 /* Assets.xcassets */ = {isa = PBXFileReference; lastKnownFileType = folder.assetcatalog; path = Assets.xcassets; sourceTree = "<group>"; };
		27F557901EAE0FB1007AFD11 /* Base */ = {isa = PBXFileReference; lastKnownFileType = file.storyboard; name = Base; path = Base.lproj/LaunchScreen.storyboard; sourceTree = "<group>"; };
		27F557921EAE0FB1007AFD11 /* Info.plist */ = {isa = PBXFileReference; lastKnownFileType = text.plist.xml; path = Info.plist; sourceTree = "<group>"; };
		27F557971EAE0FB2007AFD11 /* Done ListTests.xctest */ = {isa = PBXFileReference; explicitFileType = wrapper.cfbundle; includeInIndex = 0; path = "Done ListTests.xctest"; sourceTree = BUILT_PRODUCTS_DIR; };
		27F5579D1EAE0FB2007AFD11 /* Info.plist */ = {isa = PBXFileReference; lastKnownFileType = text.plist.xml; path = Info.plist; sourceTree = "<group>"; };
/* End PBXFileReference section */

/* Begin PBXFrameworksBuildPhase section */
		27F557801EAE0FB1007AFD11 /* Frameworks */ = {
			isa = PBXFrameworksBuildPhase;
			buildActionMask = 2147483647;
			files = (
			);
			runOnlyForDeploymentPostprocessing = 0;
		};
		27F557941EAE0FB2007AFD11 /* Frameworks */ = {
			isa = PBXFrameworksBuildPhase;
			buildActionMask = 2147483647;
			files = (
			);
			runOnlyForDeploymentPostprocessing = 0;
		};
/* End PBXFrameworksBuildPhase section */

/* Begin PBXGroup section */
		27925FEF1EB8AE1A0083B8D9 /* Calendar */ = {
			isa = PBXGroup;
			children = (
				27925FF01EBBFFC40083B8D9 /* AgendaViewController.swift */,
				27925FF41EC0A87E0083B8D9 /* DLCalendarService.swift */,
				27925FF81EC1B9F30083B8D9 /* CalendarSettingsViewController.swift */,
				27925FFA1EC1FE6A0083B8D9 /* DLCalendarDefaults.swift */,
				27925FFC1EC4AE730083B8D9 /* AgendaTableViewCell.swift */,
			);
			name = Calendar;
			sourceTree = "<group>";
		};
		27E7FF0C1EAE12FB004F65B1 /* Task */ = {
			isa = PBXGroup;
			children = (
				27E7FF0A1EAE115A004F65B1 /* TaskListViewController.swift */,
				27E7FF121EAE2734004F65B1 /* TaskController.swift */,
				27F3AFBC1EB356E200D8A043 /* Priority.swift */,
				27F3AFBE1EB367F700D8A043 /* TaskDetailViewController.swift */,
				27F3AFC01EB6BA0700D8A043 /* PriorityViewController.swift */,
				27F3AFC21EB76BD800D8A043 /* DateViewController.swift */,
			);
			name = Task;
			sourceTree = "<group>";
		};
		27F5577A1EAE0FB1007AFD11 = {
			isa = PBXGroup;
			children = (
				27F557851EAE0FB1007AFD11 /* Done List */,
				27F5579A1EAE0FB2007AFD11 /* Done ListTests */,
				27F557841EAE0FB1007AFD11 /* Products */,
			);
			sourceTree = "<group>";
		};
		27F557841EAE0FB1007AFD11 /* Products */ = {
			isa = PBXGroup;
			children = (
				27F557831EAE0FB1007AFD11 /* Done List.app */,
				27F557971EAE0FB2007AFD11 /* Done ListTests.xctest */,
			);
			name = Products;
			sourceTree = "<group>";
		};
		27F557851EAE0FB1007AFD11 /* Done List */ = {
			isa = PBXGroup;
			children = (
				27925FEF1EB8AE1A0083B8D9 /* Calendar */,
				27E7FF0C1EAE12FB004F65B1 /* Task */,
				27F557861EAE0FB1007AFD11 /* AppDelegate.swift */,
				27F5578A1EAE0FB1007AFD11 /* Main.storyboard */,
				27F5578D1EAE0FB1007AFD11 /* Assets.xcassets */,
				27F5578F1EAE0FB1007AFD11 /* LaunchScreen.storyboard */,
				27F557921EAE0FB1007AFD11 /* Info.plist */,
				27E7FF0D1EAE2129004F65B1 /* Model.xcdatamodeld */,
				27E7FF101EAE256D004F65B1 /* DataController.swift */,
			);
			path = "Done List";
			sourceTree = "<group>";
		};
		27F5579A1EAE0FB2007AFD11 /* Done ListTests */ = {
			isa = PBXGroup;
			children = (
				27F5579D1EAE0FB2007AFD11 /* Info.plist */,
				27925FF61EC0B5190083B8D9 /* TestDLCalendarService.swift */,
			);
			path = "Done ListTests";
			sourceTree = "<group>";
		};
/* End PBXGroup section */

/* Begin PBXNativeTarget section */
		27F557821EAE0FB1007AFD11 /* Done List */ = {
			isa = PBXNativeTarget;
			buildConfigurationList = 27F557A01EAE0FB2007AFD11 /* Build configuration list for PBXNativeTarget "Done List" */;
			buildPhases = (
				27F5577F1EAE0FB1007AFD11 /* Sources */,
				27F557801EAE0FB1007AFD11 /* Frameworks */,
				27F557811EAE0FB1007AFD11 /* Resources */,
			);
			buildRules = (
			);
			dependencies = (
			);
			name = "Done List";
			productName = "Done List";
			productReference = 27F557831EAE0FB1007AFD11 /* Done List.app */;
			productType = "com.apple.product-type.application";
		};
		27F557961EAE0FB2007AFD11 /* Done ListTests */ = {
			isa = PBXNativeTarget;
			buildConfigurationList = 27F557A31EAE0FB2007AFD11 /* Build configuration list for PBXNativeTarget "Done ListTests" */;
			buildPhases = (
				27F557931EAE0FB2007AFD11 /* Sources */,
				27F557941EAE0FB2007AFD11 /* Frameworks */,
				27F557951EAE0FB2007AFD11 /* Resources */,
			);
			buildRules = (
			);
			dependencies = (
				27F557991EAE0FB2007AFD11 /* PBXTargetDependency */,
			);
			name = "Done ListTests";
			productName = "Done ListTests";
			productReference = 27F557971EAE0FB2007AFD11 /* Done ListTests.xctest */;
			productType = "com.apple.product-type.bundle.unit-test";
		};
/* End PBXNativeTarget section */

/* Begin PBXProject section */
		27F5577B1EAE0FB1007AFD11 /* Project object */ = {
			isa = PBXProject;
			attributes = {
				LastSwiftUpdateCheck = 0820;
				LastUpgradeCheck = 0820;
				ORGANIZATIONNAME = "MJR Designs";
				TargetAttributes = {
					27F557821EAE0FB1007AFD11 = {
						CreatedOnToolsVersion = 8.2.1;
						DevelopmentTeam = 2QKP24Y3HJ;
						ProvisioningStyle = Automatic;
					};
					27F557961EAE0FB2007AFD11 = {
						CreatedOnToolsVersion = 8.2.1;
						DevelopmentTeam = 2QKP24Y3HJ;
						ProvisioningStyle = Automatic;
						TestTargetID = 27F557821EAE0FB1007AFD11;
					};
				};
			};
			buildConfigurationList = 27F5577E1EAE0FB1007AFD11 /* Build configuration list for PBXProject "Done List" */;
			compatibilityVersion = "Xcode 3.2";
			developmentRegion = English;
			hasScannedForEncodings = 0;
			knownRegions = (
				en,
				Base,
			);
			mainGroup = 27F5577A1EAE0FB1007AFD11;
			productRefGroup = 27F557841EAE0FB1007AFD11 /* Products */;
			projectDirPath = "";
			projectRoot = "";
			targets = (
				27F557821EAE0FB1007AFD11 /* Done List */,
				27F557961EAE0FB2007AFD11 /* Done ListTests */,
			);
		};
/* End PBXProject section */

/* Begin PBXResourcesBuildPhase section */
		27F557811EAE0FB1007AFD11 /* Resources */ = {
			isa = PBXResourcesBuildPhase;
			buildActionMask = 2147483647;
			files = (
				27F557911EAE0FB1007AFD11 /* LaunchScreen.storyboard in Resources */,
				27F5578E1EAE0FB1007AFD11 /* Assets.xcassets in Resources */,
				27F5578C1EAE0FB1007AFD11 /* Main.storyboard in Resources */,
			);
			runOnlyForDeploymentPostprocessing = 0;
		};
		27F557951EAE0FB2007AFD11 /* Resources */ = {
			isa = PBXResourcesBuildPhase;
			buildActionMask = 2147483647;
			files = (
			);
			runOnlyForDeploymentPostprocessing = 0;
		};
/* End PBXResourcesBuildPhase section */

/* Begin PBXSourcesBuildPhase section */
		27F5577F1EAE0FB1007AFD11 /* Sources */ = {
			isa = PBXSourcesBuildPhase;
			buildActionMask = 2147483647;
			files = (
				27F3AFC11EB6BA0700D8A043 /* PriorityViewController.swift in Sources */,
				27925FF91EC1B9F30083B8D9 /* CalendarSettingsViewController.swift in Sources */,
				27F3AFBF1EB367F700D8A043 /* TaskDetailViewController.swift in Sources */,
				27F557871EAE0FB1007AFD11 /* AppDelegate.swift in Sources */,
				27E7FF111EAE256D004F65B1 /* DataController.swift in Sources */,
				27E7FF0B1EAE115A004F65B1 /* TaskListViewController.swift in Sources */,
				27E7FF131EAE2734004F65B1 /* TaskController.swift in Sources */,
				27E7FF0F1EAE2129004F65B1 /* Model.xcdatamodeld in Sources */,
				27925FF51EC0A87E0083B8D9 /* DLCalendarService.swift in Sources */,
				27F3AFC31EB76BD800D8A043 /* DateViewController.swift in Sources */,
				27925FF11EBBFFC40083B8D9 /* AgendaViewController.swift in Sources */,
				27925FFB1EC1FE6A0083B8D9 /* DLCalendarDefaults.swift in Sources */,
				27F3AFBD1EB356E200D8A043 /* Priority.swift in Sources */,
				27925FFD1EC4AE730083B8D9 /* AgendaTableViewCell.swift in Sources */,
			);
			runOnlyForDeploymentPostprocessing = 0;
		};
		27F557931EAE0FB2007AFD11 /* Sources */ = {
			isa = PBXSourcesBuildPhase;
			buildActionMask = 2147483647;
			files = (
				27925FF71EC0B5190083B8D9 /* TestDLCalendarService.swift in Sources */,
			);
			runOnlyForDeploymentPostprocessing = 0;
		};
/* End PBXSourcesBuildPhase section */

/* Begin PBXTargetDependency section */
		27F557991EAE0FB2007AFD11 /* PBXTargetDependency */ = {
			isa = PBXTargetDependency;
			target = 27F557821EAE0FB1007AFD11 /* Done List */;
			targetProxy = 27F557981EAE0FB2007AFD11 /* PBXContainerItemProxy */;
		};
/* End PBXTargetDependency section */

/* Begin PBXVariantGroup section */
		27F5578A1EAE0FB1007AFD11 /* Main.storyboard */ = {
			isa = PBXVariantGroup;
			children = (
				27F5578B1EAE0FB1007AFD11 /* Base */,
			);
			name = Main.storyboard;
			sourceTree = "<group>";
		};
		27F5578F1EAE0FB1007AFD11 /* LaunchScreen.storyboard */ = {
			isa = PBXVariantGroup;
			children = (
				27F557901EAE0FB1007AFD11 /* Base */,
			);
			name = LaunchScreen.storyboard;
			sourceTree = "<group>";
		};
/* End PBXVariantGroup section */

/* Begin XCBuildConfiguration section */
		27F5579E1EAE0FB2007AFD11 /* Debug */ = {
			isa = XCBuildConfiguration;
			buildSettings = {
				ALWAYS_SEARCH_USER_PATHS = NO;
				CLANG_ANALYZER_NONNULL = YES;
				CLANG_CXX_LANGUAGE_STANDARD = "gnu++0x";
				CLANG_CXX_LIBRARY = "libc++";
				CLANG_ENABLE_MODULES = YES;
				CLANG_ENABLE_OBJC_ARC = YES;
				CLANG_WARN_BOOL_CONVERSION = YES;
				CLANG_WARN_CONSTANT_CONVERSION = YES;
				CLANG_WARN_DIRECT_OBJC_ISA_USAGE = YES_ERROR;
				CLANG_WARN_DOCUMENTATION_COMMENTS = YES;
				CLANG_WARN_EMPTY_BODY = YES;
				CLANG_WARN_ENUM_CONVERSION = YES;
				CLANG_WARN_INFINITE_RECURSION = YES;
				CLANG_WARN_INT_CONVERSION = YES;
				CLANG_WARN_OBJC_ROOT_CLASS = YES_ERROR;
				CLANG_WARN_SUSPICIOUS_MOVE = YES;
				CLANG_WARN_UNREACHABLE_CODE = YES;
				CLANG_WARN__DUPLICATE_METHOD_MATCH = YES;
				"CODE_SIGN_IDENTITY[sdk=iphoneos*]" = "iPhone Developer";
				COPY_PHASE_STRIP = NO;
				DEBUG_INFORMATION_FORMAT = dwarf;
				ENABLE_STRICT_OBJC_MSGSEND = YES;
				ENABLE_TESTABILITY = YES;
				GCC_C_LANGUAGE_STANDARD = gnu99;
				GCC_DYNAMIC_NO_PIC = NO;
				GCC_NO_COMMON_BLOCKS = YES;
				GCC_OPTIMIZATION_LEVEL = 0;
				GCC_PREPROCESSOR_DEFINITIONS = (
					"DEBUG=1",
					"$(inherited)",
				);
				GCC_WARN_64_TO_32_BIT_CONVERSION = YES;
				GCC_WARN_ABOUT_RETURN_TYPE = YES_ERROR;
				GCC_WARN_UNDECLARED_SELECTOR = YES;
				GCC_WARN_UNINITIALIZED_AUTOS = YES_AGGRESSIVE;
				GCC_WARN_UNUSED_FUNCTION = YES;
				GCC_WARN_UNUSED_VARIABLE = YES;
				IPHONEOS_DEPLOYMENT_TARGET = 10.2;
				MTL_ENABLE_DEBUG_INFO = YES;
				ONLY_ACTIVE_ARCH = YES;
				SDKROOT = iphoneos;
				SWIFT_ACTIVE_COMPILATION_CONDITIONS = DEBUG;
				SWIFT_OPTIMIZATION_LEVEL = "-Onone";
			};
			name = Debug;
		};
		27F5579F1EAE0FB2007AFD11 /* Release */ = {
			isa = XCBuildConfiguration;
			buildSettings = {
				ALWAYS_SEARCH_USER_PATHS = NO;
				CLANG_ANALYZER_NONNULL = YES;
				CLANG_CXX_LANGUAGE_STANDARD = "gnu++0x";
				CLANG_CXX_LIBRARY = "libc++";
				CLANG_ENABLE_MODULES = YES;
				CLANG_ENABLE_OBJC_ARC = YES;
				CLANG_WARN_BOOL_CONVERSION = YES;
				CLANG_WARN_CONSTANT_CONVERSION = YES;
				CLANG_WARN_DIRECT_OBJC_ISA_USAGE = YES_ERROR;
				CLANG_WARN_DOCUMENTATION_COMMENTS = YES;
				CLANG_WARN_EMPTY_BODY = YES;
				CLANG_WARN_ENUM_CONVERSION = YES;
				CLANG_WARN_INFINITE_RECURSION = YES;
				CLANG_WARN_INT_CONVERSION = YES;
				CLANG_WARN_OBJC_ROOT_CLASS = YES_ERROR;
				CLANG_WARN_SUSPICIOUS_MOVE = YES;
				CLANG_WARN_UNREACHABLE_CODE = YES;
				CLANG_WARN__DUPLICATE_METHOD_MATCH = YES;
				"CODE_SIGN_IDENTITY[sdk=iphoneos*]" = "iPhone Developer";
				COPY_PHASE_STRIP = NO;
				DEBUG_INFORMATION_FORMAT = "dwarf-with-dsym";
				ENABLE_NS_ASSERTIONS = NO;
				ENABLE_STRICT_OBJC_MSGSEND = YES;
				GCC_C_LANGUAGE_STANDARD = gnu99;
				GCC_NO_COMMON_BLOCKS = YES;
				GCC_WARN_64_TO_32_BIT_CONVERSION = YES;
				GCC_WARN_ABOUT_RETURN_TYPE = YES_ERROR;
				GCC_WARN_UNDECLARED_SELECTOR = YES;
				GCC_WARN_UNINITIALIZED_AUTOS = YES_AGGRESSIVE;
				GCC_WARN_UNUSED_FUNCTION = YES;
				GCC_WARN_UNUSED_VARIABLE = YES;
				IPHONEOS_DEPLOYMENT_TARGET = 10.2;
				MTL_ENABLE_DEBUG_INFO = NO;
				SDKROOT = iphoneos;
				SWIFT_OPTIMIZATION_LEVEL = "-Owholemodule";
				VALIDATE_PRODUCT = YES;
			};
			name = Release;
		};
		27F557A11EAE0FB2007AFD11 /* Debug */ = {
			isa = XCBuildConfiguration;
			buildSettings = {
				ASSETCATALOG_COMPILER_APPICON_NAME = AppIcon;
				"CODE_SIGN_IDENTITY[sdk=iphoneos*]" = "iPhone Developer";
				DEVELOPMENT_TEAM = 2QKP24Y3HJ;
				INFOPLIST_FILE = "Done List/Info.plist";
				LD_RUNPATH_SEARCH_PATHS = "$(inherited) @executable_path/Frameworks";
				PRODUCT_BUNDLE_IDENTIFIER = "com.mjrdesigns.Done-List";
				PRODUCT_NAME = "$(TARGET_NAME)";
				SWIFT_VERSION = 3.0;
			};
			name = Debug;
		};
		27F557A21EAE0FB2007AFD11 /* Release */ = {
			isa = XCBuildConfiguration;
			buildSettings = {
				ASSETCATALOG_COMPILER_APPICON_NAME = AppIcon;
				"CODE_SIGN_IDENTITY[sdk=iphoneos*]" = "iPhone Developer";
				DEVELOPMENT_TEAM = 2QKP24Y3HJ;
				INFOPLIST_FILE = "Done List/Info.plist";
				LD_RUNPATH_SEARCH_PATHS = "$(inherited) @executable_path/Frameworks";
				PRODUCT_BUNDLE_IDENTIFIER = "com.mjrdesigns.Done-List";
				PRODUCT_NAME = "$(TARGET_NAME)";
				SWIFT_VERSION = 3.0;
			};
			name = Release;
		};
		27F557A41EAE0FB2007AFD11 /* Debug */ = {
			isa = XCBuildConfiguration;
			buildSettings = {
				ALWAYS_EMBED_SWIFT_STANDARD_LIBRARIES = YES;
				BUNDLE_LOADER = "$(TEST_HOST)";
				DEVELOPMENT_TEAM = 2QKP24Y3HJ;
				INFOPLIST_FILE = "Done ListTests/Info.plist";
				LD_RUNPATH_SEARCH_PATHS = "$(inherited) @executable_path/Frameworks @loader_path/Frameworks";
				PRODUCT_BUNDLE_IDENTIFIER = "com.mjrdesigns.Done-ListTests";
				PRODUCT_NAME = "$(TARGET_NAME)";
				SWIFT_VERSION = 3.0;
				TEST_HOST = "$(BUILT_PRODUCTS_DIR)/Done List.app/Done List";
			};
			name = Debug;
		};
		27F557A51EAE0FB2007AFD11 /* Release */ = {
			isa = XCBuildConfiguration;
			buildSettings = {
				ALWAYS_EMBED_SWIFT_STANDARD_LIBRARIES = YES;
				BUNDLE_LOADER = "$(TEST_HOST)";
				DEVELOPMENT_TEAM = 2QKP24Y3HJ;
				INFOPLIST_FILE = "Done ListTests/Info.plist";
				LD_RUNPATH_SEARCH_PATHS = "$(inherited) @executable_path/Frameworks @loader_path/Frameworks";
				PRODUCT_BUNDLE_IDENTIFIER = "com.mjrdesigns.Done-ListTests";
				PRODUCT_NAME = "$(TARGET_NAME)";
				SWIFT_VERSION = 3.0;
				TEST_HOST = "$(BUILT_PRODUCTS_DIR)/Done List.app/Done List";
			};
			name = Release;
		};
/* End XCBuildConfiguration section */

/* Begin XCConfigurationList section */
		27F5577E1EAE0FB1007AFD11 /* Build configuration list for PBXProject "Done List" */ = {
			isa = XCConfigurationList;
			buildConfigurations = (
				27F5579E1EAE0FB2007AFD11 /* Debug */,
				27F5579F1EAE0FB2007AFD11 /* Release */,
			);
			defaultConfigurationIsVisible = 0;
			defaultConfigurationName = Release;
		};
		27F557A01EAE0FB2007AFD11 /* Build configuration list for PBXNativeTarget "Done List" */ = {
			isa = XCConfigurationList;
			buildConfigurations = (
				27F557A11EAE0FB2007AFD11 /* Debug */,
				27F557A21EAE0FB2007AFD11 /* Release */,
			);
			defaultConfigurationIsVisible = 0;
			defaultConfigurationName = Release;
		};
		27F557A31EAE0FB2007AFD11 /* Build configuration list for PBXNativeTarget "Done ListTests" */ = {
			isa = XCConfigurationList;
			buildConfigurations = (
				27F557A41EAE0FB2007AFD11 /* Debug */,
				27F557A51EAE0FB2007AFD11 /* Release */,
			);
			defaultConfigurationIsVisible = 0;
			defaultConfigurationName = Release;
		};
/* End XCConfigurationList section */

/* Begin XCVersionGroup section */
		27E7FF0D1EAE2129004F65B1 /* Model.xcdatamodeld */ = {
			isa = XCVersionGroup;
			children = (
				27E7FF0E1EAE2129004F65B1 /* Model.xcdatamodel */,
			);
			currentVersion = 27E7FF0E1EAE2129004F65B1 /* Model.xcdatamodel */;
			path = Model.xcdatamodeld;
			sourceTree = "<group>";
			versionGroupType = wrapper.xcdatamodel;
		};
/* End XCVersionGroup section */
	};
	rootObject = 27F5577B1EAE0FB1007AFD11 /* Project object */;
}
